github.com/davecgh/go-spew v1.1.0 h1:ZDRjVQ15GmhC3fiQ8ni8+OwkZQO4DARzQgrnXU1Liz8=
github.com/davecgh/go-spew v1.1.0/go.mod h1:J7Y8YcW2NihsgmVo/mv3lAwl/skON4iLHjSsI+c5H38=
github.com/mattn/go-pointer v0.0.1/go.mod h1:2zXcozF6qYGgmsG+SeTZz3oAbFLdD3OWqnUbNvJZAlc=
github.com/pmezard/go-difflib v1.0.0 h1:4DBwDE0NGyQoBHbLQYPwSUPoCMWR5BEzIk/f1lZbAQM=
github.com/pmezard/go-difflib v1.0.0/go.mod h1:iKH77koFhYxTK1pcRnkKkqfTogsbg7gZNVY4sRDYZ/4=
github.com/stretchr/objx v0.1.0/go.mod h1:HFkY916IF+rwdDfMAkV7OtwuqBVzrE8GR6GFx+wExME=
github.com/stretchr/testify v1.5.1/go.mod h1:5W2xD1RspED5o8YsWQXVCued0rvSQ+mT+I5cxcmMvtA=
github.com/stretchr/testify v1.6.1 h1:hDPOHmpOpP40lSULcqw7IrRb/u7w6RpDC9399XyoNd0=
github.com/stretchr/testify v1.6.1/go.mod h1:6Fq8oRcR53rry900zMqJjRRixrwX3KX962/h/Wwjteg=
github.com/stretchr/testify v1.7.0 h1:nwc3DEeHmmLAfoZucVR881uASk0Mfjw8xYJ99tb5CcY=
github.com/stretchr/testify v1.7.0/go.mod h1:6Fq8oRcR53rry900zMqJjRRixrwX3KX962/h/Wwjteg=
gopkg.in/check.v1 v0.0.0-20161208181325-20d25e280405/go.mod h1:Co6ibVJAznAaIkqp8huTwlJQCZ016jof/cbN4VW5Yz0=
gopkg.in/yaml.v2 v2.2.2/go.mod h1:hI93XBmqTisBFMUTm0b8Fm+jr3Dg1NNxqwp+5A1VGuI=
gopkg.in/yaml.v3 v3.0.0-20200313102051-9f266ea9e77c h1:dUUwHk2QECo/6vqA44rthZ8ie2QXMNeKRTHCNY2nXvo=
gopkg.in/yaml.v3 v3.0.0-20200313102051-9f266ea9e77c/go.mod h1:K4uyk7z7BCEPqu6E+C64Yfv1cQ7kz7rIZviUmN+EgEM=
hz.tools/rf v0.0.2 h1:VcsWlYqPxKZuKng0/wnx7wp9pJq93pvW0LC0tjM9das=
hz.tools/rf v0.0.2/go.mod h1:ibSuZy/S7Sz15sZ3212GYP0VIdvhAkIHl5IoCacbmLg=
hz.tools/rf v0.0.3 h1:Ftddawcv4eFMaT+DbnhmbOHAfQ7/h9Jyc+aw1fNYgks=
hz.tools/rf v0.0.3/go.mod h1:ibSuZy/S7Sz15sZ3212GYP0VIdvhAkIHl5IoCacbmLg=
hz.tools/rf v0.0.5 h1:s6Xd/2/MExWAqanMVHWDBkj5vedI/ELufdo3lohjkPo=
hz.tools/rf v0.0.5/go.mod h1:wTwZ2xbRvTgaa5S7y34NPMg3YY5hYTlhpBbPlWYcMSE=
hz.tools/sdr v0.0.0-20200921134939-4dd0540b8399 h1:f1UeCzOwVhgoovjHF0V2ndcUB/aYW8T+5AXRnM1opTc=
hz.tools/sdr v0.0.0-20200921134939-4dd0540b8399/go.mod h1:PdKtd3K1xoKSbLVTca5Gy6FvPyfWO7ZRbxVAHB4izog=
hz.tools/sdr v0.0.0-20200924134717-aca41b35cb56 h1:MaDimrBH05bmv0qtFrVemOCRpFsJaEk7u37ThZ0LLDU=
hz.tools/sdr v0.0.0-20200924134717-aca41b35cb56/go.mod h1:PdKtd3K1xoKSbLVTca5Gy6FvPyfWO7ZRbxVAHB4izog=
